<?xml version="1.0" encoding="utf-8"?>
<Project ToolsVersion="4.0" xmlns="http://schemas.microsoft.com/developer/msbuild/2003">
  <ItemGroup>
    <Filter Include="Engine">
      <UniqueIdentifier>{2d038b1c-bfef-4960-9c22-c617fd5b9cd4}</UniqueIdentifier>
    </Filter>
    <Filter Include="Engine\Graphics">
      <UniqueIdentifier>{e109a3b3-4364-4894-ac80-b4ec3e255ef2}</UniqueIdentifier>
    </Filter>
    <Filter Include="Engine\Utils">
      <UniqueIdentifier>{320899f1-21e4-4274-a482-4098c7e2d17d}</UniqueIdentifier>
    </Filter>
    <Filter Include="Engine\Graphics\GpuApi">
      <UniqueIdentifier>{b61e45a1-c940-477d-b7b7-c4861b0751b8}</UniqueIdentifier>
    </Filter>
    <Filter Include="Engine\Graphics\GpuApi\DirectX12">
      <UniqueIdentifier>{81e87d04-2731-43b5-9f4e-393cb93c80d8}</UniqueIdentifier>
    </Filter>
    <Filter Include="Engine\Mesh">
      <UniqueIdentifier>{30dafd63-60d8-4eee-b3fb-9c69b46b69d5}</UniqueIdentifier>
    </Filter>
    <Filter Include="Engine\Graphics\Shaders">
      <UniqueIdentifier>{bd43cf59-fe7b-4a88-ba31-a47ee1717c50}</UniqueIdentifier>
    </Filter>
    <Filter Include="Engine\Material">
      <UniqueIdentifier>{11323f9b-a3e9-4eaa-af17-c4efeffa23f9}</UniqueIdentifier>
    </Filter>
    <Filter Include="Engine\Graphics\GpuApi\DirectX12\TextureUtils">
      <UniqueIdentifier>{09c4df14-0e08-4064-8d80-83b8cfe88dee}</UniqueIdentifier>
    </Filter>
    <Filter Include="Engine\Lib">
      <UniqueIdentifier>{e44f87bf-7df1-4cdb-b708-cb75f5a90c8f}</UniqueIdentifier>
    </Filter>
    <Filter Include="Engine\Lib\imgui">
      <UniqueIdentifier>{076ceaa5-d3c4-471c-9f1f-daa1dc476098}</UniqueIdentifier>
    </Filter>
    <Filter Include="Engine\Lighting">
      <UniqueIdentifier>{a67fa749-e4ab-4e1a-9c71-98fcccf73deb}</UniqueIdentifier>
    </Filter>
    <Filter Include="Engine\Graphics\GpuApi\Vulkan">
      <UniqueIdentifier>{2d794117-a038-445a-8f09-625487fa28bb}</UniqueIdentifier>
    </Filter>
    <Filter Include="Engine\Graphics\Shaders\RayTracing">
      <UniqueIdentifier>{ebd38c5b-1b93-4e3b-965a-739079e6d19a}</UniqueIdentifier>
    </Filter>
  </ItemGroup>
  <ItemGroup>
    <ClInclude Include="BaseWindow.h">
      <Filter>Engine</Filter>
    </ClInclude>
    <ClInclude Include="CreviceWindow.h">
      <Filter>Engine</Filter>
    </ClInclude>
    <ClInclude Include="d3dx12.h">
      <Filter>Engine</Filter>
    </ClInclude>
    <ClInclude Include="stdafx.h">
      <Filter>Engine</Filter>
    </ClInclude>
    <ClInclude Include="Win32Application.h">
      <Filter>Engine</Filter>
    </ClInclude>
    <ClInclude Include="GraphicsDevice.h">
      <Filter>Engine\Graphics\GpuApi</Filter>
    </ClInclude>
    <ClInclude Include="GraphicsDescriptors.h">
      <Filter>Engine\Graphics\GpuApi</Filter>
    </ClInclude>
    <ClInclude Include="EngineTimer.h">
      <Filter>Engine\Utils</Filter>
    </ClInclude>
    <ClInclude Include="GraphicsDevice_DX12.h">
      <Filter>Engine\Graphics\GpuApi\DirectX12</Filter>
    </ClInclude>
    <ClInclude Include="GraphicsResource.h">
      <Filter>Engine\Graphics\GpuApi\DirectX12</Filter>
    </ClInclude>
    <ClInclude Include="Include_DX12.h">
      <Filter>Engine\Graphics\GpuApi\DirectX12</Filter>
    </ClInclude>
    <ClInclude Include="Camera.h">
      <Filter>Engine\Graphics</Filter>
    </ClInclude>
    <ClInclude Include="Mesh.h">
      <Filter>Engine\Mesh</Filter>
    </ClInclude>
    <ClInclude Include="Types.h">
      <Filter>Engine\Graphics\GpuApi</Filter>
    </ClInclude>
    <ClInclude Include="StringUtils.h">
      <Filter>Engine\Utils</Filter>
    </ClInclude>
    <ClInclude Include="Material.h">
      <Filter>Engine\Material</Filter>
    </ClInclude>
    <ClInclude Include="DXHelper.h">
      <Filter>Engine\Graphics\GpuApi</Filter>
    </ClInclude>
    <ClInclude Include="D3DUtils.h">
      <Filter>Engine\Graphics\GpuApi</Filter>
    </ClInclude>
    <ClInclude Include="MathHelper.h">
      <Filter>Engine\Utils</Filter>
    </ClInclude>
    <ClInclude Include="GeometryGenerator.h">
      <Filter>Engine\Mesh</Filter>
    </ClInclude>
    <ClInclude Include="RenderObject.h">
      <Filter>Engine\Graphics</Filter>
    </ClInclude>
    <ClInclude Include="PSOCache.h">
      <Filter>Engine\Graphics</Filter>
    </ClInclude>
    <ClInclude Include="Frustum.h">
      <Filter>Engine\Graphics</Filter>
    </ClInclude>
    <ClInclude Include="TextRenderer.h">
      <Filter>Engine\Graphics</Filter>
    </ClInclude>
    <ClInclude Include="Color.h">
      <Filter>Engine\Utils</Filter>
    </ClInclude>
    <ClInclude Include="Renderer.h">
      <Filter>Engine\Graphics</Filter>
    </ClInclude>
    <ClInclude Include="DDSTextureLoader12.h">
      <Filter>Engine\Graphics\GpuApi\DirectX12\TextureUtils</Filter>
    </ClInclude>
    <ClInclude Include="WICTextureLoader12.h">
      <Filter>Engine\Graphics\GpuApi\DirectX12\TextureUtils</Filter>
    </ClInclude>
    <ClInclude Include="SamplerCache.h">
      <Filter>Engine\Graphics</Filter>
    </ClInclude>
    <ClInclude Include="Image.h">
      <Filter>Engine\Utils</Filter>
    </ClInclude>
    <ClInclude Include="Utils.h">
      <Filter>Engine\Utils</Filter>
    </ClInclude>
    <ClInclude Include="RenderTarget.h">
      <Filter>Engine\Graphics</Filter>
    </ClInclude>
    <ClInclude Include="DepthTarget.h">
      <Filter>Engine\Graphics</Filter>
    </ClInclude>
    <ClInclude Include="GraphicsAPI.h">
      <Filter>Engine\Graphics\GpuApi</Filter>
    </ClInclude>
    <ClInclude Include="Lib\imgui\include\imconfig.h">
      <Filter>Engine\Lib\imgui</Filter>
    </ClInclude>
    <ClInclude Include="Lib\imgui\include\imgui.h">
      <Filter>Engine\Lib\imgui</Filter>
    </ClInclude>
    <ClInclude Include="Lib\imgui\include\imgui_impl_dx12.h">
      <Filter>Engine\Lib\imgui</Filter>
    </ClInclude>
    <ClInclude Include="Lib\imgui\include\imgui_impl_win32.h">
      <Filter>Engine\Lib\imgui</Filter>
    </ClInclude>
    <ClInclude Include="Lib\imgui\include\imgui_internal.h">
      <Filter>Engine\Lib\imgui</Filter>
    </ClInclude>
    <ClInclude Include="Lib\imgui\include\imstb_rectpack.h">
      <Filter>Engine\Lib\imgui</Filter>
    </ClInclude>
    <ClInclude Include="Lib\imgui\include\imstb_textedit.h">
      <Filter>Engine\Lib\imgui</Filter>
    </ClInclude>
    <ClInclude Include="Lib\imgui\include\imstb_truetype.h">
      <Filter>Engine\Lib\imgui</Filter>
    </ClInclude>
    <ClInclude Include="UIContext.h">
      <Filter>Engine</Filter>
    </ClInclude>
    <ClInclude Include="GraphicsEnums.h">
      <Filter>Engine\Graphics\GpuApi</Filter>
    </ClInclude>
    <ClInclude Include="Grid.h">
      <Filter>Engine\Mesh</Filter>
    </ClInclude>
    <ClInclude Include="Gizmo.h">
      <Filter>Engine\Mesh</Filter>
    </ClInclude>
    <ClInclude Include="GlobalLightTrajectory.h">
      <Filter>Engine\Lighting</Filter>
    </ClInclude>
    <ClInclude Include="GlobalLightCamera.h">
      <Filter>Engine\Lighting</Filter>
    </ClInclude>
    <ClInclude Include="Include_Vulkan.h">
      <Filter>Engine\Graphics\GpuApi\Vulkan</Filter>
    </ClInclude>
    <ClInclude Include="GraphicsDevice_Vulkan.h">
      <Filter>Engine\Graphics\GpuApi\Vulkan</Filter>
    </ClInclude>
    <ClInclude Include="ShaderInterop_Vulkan.h">
      <Filter>Engine\Graphics\GpuApi\Vulkan</Filter>
    </ClInclude>
    <ClInclude Include="GraphicsDevice_SharedInternals.h">
      <Filter>Engine\Graphics\GpuApi\Vulkan</Filter>
    </ClInclude>
    <ClInclude Include="ThreadSafeManager.h">
      <Filter>Engine\Graphics\GpuApi\Vulkan</Filter>
    </ClInclude>
    <ClInclude Include="SpinLock.h">
      <Filter>Engine\Graphics\GpuApi\Vulkan</Filter>
    </ClInclude>
    <ClInclude Include="AmbientOcclusion.h">
      <Filter>Engine\Graphics</Filter>
    </ClInclude>
    <ClInclude Include="ShaderTableCache.h">
      <Filter>Engine\Graphics</Filter>
    </ClInclude>
    <ClInclude Include="RayTracedAmbientOcclusion.h">
      <Filter>Engine\Graphics</Filter>
    </ClInclude>
  </ItemGroup>
  <ItemGroup>
    <ClCompile Include="BaseWindow.cpp">
      <Filter>Engine</Filter>
    </ClCompile>
    <ClCompile Include="CreviceWindow.cpp">
      <Filter>Engine</Filter>
    </ClCompile>
    <ClCompile Include="Main.cpp">
      <Filter>Engine</Filter>
    </ClCompile>
    <ClCompile Include="stdafx.cpp">
      <Filter>Engine</Filter>
    </ClCompile>
    <ClCompile Include="Win32Application.cpp">
      <Filter>Engine</Filter>
    </ClCompile>
    <ClCompile Include="EngineTimer.cpp">
      <Filter>Engine\Utils</Filter>
    </ClCompile>
    <ClCompile Include="GraphicsDevice_DX12.cpp">
      <Filter>Engine\Graphics\GpuApi\DirectX12</Filter>
    </ClCompile>
    <ClCompile Include="GraphicsResource.cpp">
      <Filter>Engine\Graphics\GpuApi\DirectX12</Filter>
    </ClCompile>
    <ClCompile Include="Camera.cpp">
      <Filter>Engine\Graphics</Filter>
    </ClCompile>
    <ClCompile Include="Mesh.cpp">
      <Filter>Engine\Mesh</Filter>
    </ClCompile>
    <ClCompile Include="Material.cpp">
      <Filter>Engine\Material</Filter>
    </ClCompile>
    <ClCompile Include="D3DUtils.cpp">
      <Filter>Engine\Graphics\GpuApi</Filter>
    </ClCompile>
    <ClCompile Include="MathHelper.cpp">
      <Filter>Engine\Utils</Filter>
    </ClCompile>
    <ClCompile Include="GeometryGenerator.cpp">
      <Filter>Engine\Mesh</Filter>
    </ClCompile>
    <ClCompile Include="RenderObject.cpp">
      <Filter>Engine\Graphics</Filter>
    </ClCompile>
    <ClCompile Include="PSOCache.cpp">
      <Filter>Engine\Graphics</Filter>
    </ClCompile>
    <ClCompile Include="Frustum.cpp">
      <Filter>Engine\Graphics</Filter>
    </ClCompile>
    <ClCompile Include="TextRenderer.cpp">
      <Filter>Engine\Graphics</Filter>
    </ClCompile>
    <ClCompile Include="Color.cpp">
      <Filter>Engine\Utils</Filter>
    </ClCompile>
    <ClCompile Include="Renderer.cpp">
      <Filter>Engine\Graphics</Filter>
    </ClCompile>
    <ClCompile Include="DDSTextureLoader12.cpp">
      <Filter>Engine\Graphics\GpuApi\DirectX12\TextureUtils</Filter>
    </ClCompile>
    <ClCompile Include="WICTextureLoader12.cpp">
      <Filter>Engine\Graphics\GpuApi\DirectX12\TextureUtils</Filter>
    </ClCompile>
    <ClCompile Include="SamplerCache.cpp">
      <Filter>Engine\Graphics</Filter>
    </ClCompile>
    <ClCompile Include="Image.cpp">
      <Filter>Engine\Utils</Filter>
    </ClCompile>
    <ClCompile Include="Lib\stb\src\libstb.c">
      <Filter>Engine\Lib</Filter>
    </ClCompile>
    <ClCompile Include="RenderTarget.cpp">
      <Filter>Engine\Graphics</Filter>
    </ClCompile>
    <ClCompile Include="DepthTarget.cpp">
      <Filter>Engine\Graphics</Filter>
    </ClCompile>
    <ClCompile Include="Lib\imgui\src\imgui.cpp">
      <Filter>Engine\Lib\imgui</Filter>
    </ClCompile>
    <ClCompile Include="Lib\imgui\src\imgui_draw.cpp">
      <Filter>Engine\Lib\imgui</Filter>
    </ClCompile>
    <ClCompile Include="Lib\imgui\src\imgui_impl_dx12.cpp">
      <Filter>Engine\Lib\imgui</Filter>
    </ClCompile>
    <ClCompile Include="Lib\imgui\src\imgui_impl_win32.cpp">
      <Filter>Engine\Lib\imgui</Filter>
    </ClCompile>
    <ClCompile Include="Lib\imgui\src\imgui_widgets.cpp">
      <Filter>Engine\Lib\imgui</Filter>
    </ClCompile>
    <ClCompile Include="UIContext.cpp">
      <Filter>Engine</Filter>
    </ClCompile>
    <ClCompile Include="Grid.cpp">
      <Filter>Engine\Mesh</Filter>
    </ClCompile>
    <ClCompile Include="Gizmo.cpp">
      <Filter>Engine\Mesh</Filter>
    </ClCompile>
    <ClCompile Include="GlobalLightTrajectory.cpp">
      <Filter>Engine\Lighting</Filter>
    </ClCompile>
    <ClCompile Include="GlobalLightCamera.cpp">
      <Filter>Engine\Lighting</Filter>
    </ClCompile>
    <ClCompile Include="GraphicsDevice_Vulkan.cpp">
      <Filter>Engine\Graphics\GpuApi\Vulkan</Filter>
    </ClCompile>
    <ClCompile Include="ThreadSafeManager.cpp">
      <Filter>Engine\Graphics\GpuApi\Vulkan</Filter>
    </ClCompile>
    <ClCompile Include="AmbientOcclusion.cpp">
      <Filter>Engine\Graphics</Filter>
    </ClCompile>
    <ClCompile Include="ShaderTableCache.cpp">
      <Filter>Engine\Graphics</Filter>
    </ClCompile>
    <ClCompile Include="RayTracedAmbientOcclusion.cpp">
      <Filter>Engine\Graphics</Filter>
    </ClCompile>
  </ItemGroup>
  <ItemGroup>
    <None Include="packages.config" />
    <None Include="Shaders\Font.hlsl">
      <Filter>Engine\Graphics\Shaders</Filter>
    </None>
    <None Include="Shaders\Skybox.hlsl">
      <Filter>Engine\Graphics\Shaders</Filter>
    </None>
    <None Include="Shaders\Equirect2Cube.hlsl">
      <Filter>Engine\Graphics\Shaders</Filter>
    </None>
    <None Include="Shaders\DownsampleArray.hlsl">
      <Filter>Engine\Graphics\Shaders</Filter>
    </None>
    <None Include="Shaders\DownsampleGamma.hlsl">
      <Filter>Engine\Graphics\Shaders</Filter>
    </None>
    <None Include="Shaders\DownsampleLinear.hlsl">
      <Filter>Engine\Graphics\Shaders</Filter>
    </None>
    <None Include="Shaders\Spbrdf.hlsl">
      <Filter>Engine\Graphics\Shaders</Filter>
    </None>
    <None Include="Shaders\Spmap.hlsl">
      <Filter>Engine\Graphics\Shaders</Filter>
    </None>
    <None Include="Shaders\Irrmap.hlsl">
      <Filter>Engine\Graphics\Shaders</Filter>
    </None>
    <None Include="Shaders\Tonemapping.hlsl">
      <Filter>Engine\Graphics\Shaders</Filter>
    </None>
    <None Include="Shaders\Background.hlsl">
      <Filter>Engine\Graphics\Shaders</Filter>
    </None>
    <None Include="Shaders\PBRMaterial.hlsl">
      <Filter>Engine\Graphics\Shaders</Filter>
    </None>
    <None Include="Shaders\PBRMaterialSimple.hlsl">
      <Filter>Engine\Graphics\Shaders</Filter>
    </None>
    <None Include="Shaders\LightingPass.hlsl">
      <Filter>Engine\Graphics\Shaders</Filter>
    </None>
    <None Include="Shaders\Grid.hlsl">
      <Filter>Engine\Graphics\Shaders</Filter>
    </None>
    <None Include="Shaders\SimpleDepth.hlsl">
      <Filter>Engine\Graphics\Shaders</Filter>
    </None>
    <None Include="Shaders\SobelFilter.hlsl">
      <Filter>Engine\Graphics\Shaders</Filter>
    </None>
    <None Include="Shaders\SimpleColor.hlsl">
      <Filter>Engine\Graphics\Shaders</Filter>
    </None>
    <None Include="Shaders\Common.hlsl">
      <Filter>Engine\Graphics\Shaders</Filter>
    </None>
    <None Include="Shaders\AmbientOcclusion.hlsl">
      <Filter>Engine\Graphics\Shaders</Filter>
    </None>
    <None Include="Shaders\LinearizeDepth.hlsl">
      <Filter>Engine\Graphics\Shaders</Filter>
    </None>
    <None Include="Shaders\Blur.hlsl">
      <Filter>Engine\Graphics\Shaders</Filter>
    </None>
    <None Include="Shaders\RayTracing\RTCommon.hlsl">
      <Filter>Engine\Graphics\Shaders\RayTracing</Filter>
    </None>
    <None Include="Shaders\RayTracing\PBRMaterialSimpleRT.hlsl">
      <Filter>Engine\Graphics\Shaders\RayTracing</Filter>
    </None>
    <None Include="Shaders\RayTracing\PBRMaterialRT.hlsl">
      <Filter>Engine\Graphics\Shaders\RayTracing</Filter>
    </None>
    <None Include="Shaders\RayTracing\RTAmbientOcclusion.hlsl">
      <Filter>Engine\Graphics\Shaders\RayTracing</Filter>
    </None>
    <None Include="Shaders\LowPassFilter.hlsl">
      <Filter>Engine\Graphics\Shaders</Filter>
    </None>
  </ItemGroup>
</Project>