<?xml version="1.0" encoding="utf-8"?>
<Project ToolsVersion="4.0" xmlns="http://schemas.microsoft.com/developer/msbuild/2003">
  <ItemGroup>
    <Filter Include="Engine">
      <UniqueIdentifier>{2d038b1c-bfef-4960-9c22-c617fd5b9cd4}</UniqueIdentifier>
    </Filter>
    <Filter Include="Engine\Graphics">
      <UniqueIdentifier>{e109a3b3-4364-4894-ac80-b4ec3e255ef2}</UniqueIdentifier>
    </Filter>
    <Filter Include="Engine\Utils">
      <UniqueIdentifier>{320899f1-21e4-4274-a482-4098c7e2d17d}</UniqueIdentifier>
    </Filter>
    <Filter Include="Engine\Graphics\GpuApi">
      <UniqueIdentifier>{b61e45a1-c940-477d-b7b7-c4861b0751b8}</UniqueIdentifier>
    </Filter>
    <Filter Include="Engine\Graphics\GpuApi\DirectX12">
      <UniqueIdentifier>{81e87d04-2731-43b5-9f4e-393cb93c80d8}</UniqueIdentifier>
    </Filter>
  </ItemGroup>
  <ItemGroup>
    <ClInclude Include="stringUtils.h">
      <Filter>Engine\Utils</Filter>
    </ClInclude>
    <ClInclude Include="DXHelper.h">
      <Filter>Engine\Graphics</Filter>
    </ClInclude>
    <ClInclude Include="BaseWindow.h">
      <Filter>Engine</Filter>
    </ClInclude>
    <ClInclude Include="CreviceWindow.h">
      <Filter>Engine</Filter>
    </ClInclude>
    <ClInclude Include="d3dx12.h">
      <Filter>Engine</Filter>
    </ClInclude>
    <ClInclude Include="stdafx.h">
      <Filter>Engine</Filter>
    </ClInclude>
    <ClInclude Include="Win32Application.h">
      <Filter>Engine</Filter>
    </ClInclude>
    <ClInclude Include="GraphicsDevice.h">
      <Filter>Engine\Graphics\GpuApi</Filter>
    </ClInclude>
    <ClInclude Include="GraphicsDescriptors.h">
      <Filter>Engine\Graphics\GpuApi</Filter>
    </ClInclude>
    <ClInclude Include="EngineTimer.h">
      <Filter>Engine\Utils</Filter>
    </ClInclude>
    <ClInclude Include="GraphicsDevice_DX12.h">
      <Filter>Engine\Graphics\GpuApi\DirectX12</Filter>
    </ClInclude>
    <ClInclude Include="GraphicsResource.h">
      <Filter>Engine\Graphics\GpuApi\DirectX12</Filter>
    </ClInclude>
  </ItemGroup>
  <ItemGroup>
    <ClCompile Include="BaseWindow.cpp">
      <Filter>Engine</Filter>
    </ClCompile>
    <ClCompile Include="CreviceWindow.cpp">
      <Filter>Engine</Filter>
    </ClCompile>
    <ClCompile Include="Main.cpp">
      <Filter>Engine</Filter>
    </ClCompile>
    <ClCompile Include="stdafx.cpp">
      <Filter>Engine</Filter>
    </ClCompile>
    <ClCompile Include="Win32Application.cpp">
      <Filter>Engine</Filter>
    </ClCompile>
    <ClCompile Include="EngineTimer.cpp">
      <Filter>Engine\Utils</Filter>
    </ClCompile>
    <ClCompile Include="GraphicsDevice_DX12.cpp">
      <Filter>Engine\Graphics\GpuApi\DirectX12</Filter>
    </ClCompile>
    <ClCompile Include="GraphicsResource.cpp">
      <Filter>Engine\Graphics\GpuApi\DirectX12</Filter>
    </ClCompile>
  </ItemGroup>
</Project>